
Microsoft Visual Studio Solution File, Format Version 12.00
# Visual Studio Version 17
VisualStudioVersion = 17.13.35931.197 d17.13
MinimumVisualStudioVersion = 10.0.40219.1
Project("{FAE04EC0-301F-11D3-BF4B-00C04F79EFBC}") = "Сheck-сheck-client", "Сheck-сheck-client.csproj", "{3728964D-A538-427A-924A-AAC62B17F6CF}"
EndProject
Global
	GlobalSection(SolutionConfigurationPlatforms) = preSolution
		Debug|Any CPU = Debug|Any CPU
		Release|Any CPU = Release|Any CPU
	EndGlobalSection
	GlobalSection(ProjectConfigurationPlatforms) = postSolution
		{3728964D-A538-427A-924A-AAC62B17F6CF}.Debug|Any CPU.ActiveCfg = Debug|Any CPU
		{3728964D-A538-427A-924A-AAC62B17F6CF}.Debug|Any CPU.Build.0 = Debug|Any CPU
		{3728964D-A538-427A-924A-AAC62B17F6CF}.Release|Any CPU.ActiveCfg = Release|Any CPU
		{3728964D-A538-427A-924A-AAC62B17F6CF}.Release|Any CPU.Build.0 = Release|Any CPU
	EndGlobalSection
	GlobalSection(SolutionProperties) = preSolution
		HideSolutionNode = FALSE
	EndGlobalSection
	GlobalSection(ExtensibilityGlobals) = postSolution
		SolutionGuid = {8E215E3A-7572-446A-8F00-72C72DC3EAB2}
	EndGlobalSection
EndGlobal
